
Microsoft Visual Studio Solution File, Format Version 12.00
# Visual Studio Version 16
VisualStudioVersion = 16.0.31129.286
MinimumVisualStudioVersion = 10.0.40219.1
Project("{FAE04EC0-301F-11D3-BF4B-00C04F79EFBC}") = "darbas2021", "Darbas2021\darbas2021.csproj", "{ED0B9DCB-7C62-4850-AB04-3AC7EA576DFC}"
EndProject
Project("{FAE04EC0-301F-11D3-BF4B-00C04F79EFBC}") = "darbas2", "darbas2\darbas2.csproj", "{2D170C36-CAD5-4C8B-B1F7-AE4B99E51923}"
EndProject
Global
	GlobalSection(SolutionConfigurationPlatforms) = preSolution
		Debug|Any CPU = Debug|Any CPU
		Release|Any CPU = Release|Any CPU
	EndGlobalSection
	GlobalSection(ProjectConfigurationPlatforms) = postSolution
		{ED0B9DCB-7C62-4850-AB04-3AC7EA576DFC}.Debug|Any CPU.ActiveCfg = Debug|Any CPU
		{ED0B9DCB-7C62-4850-AB04-3AC7EA576DFC}.Debug|Any CPU.Build.0 = Debug|Any CPU
		{ED0B9DCB-7C62-4850-AB04-3AC7EA576DFC}.Release|Any CPU.ActiveCfg = Release|Any CPU
		{ED0B9DCB-7C62-4850-AB04-3AC7EA576DFC}.Release|Any CPU.Build.0 = Release|Any CPU
		{2D170C36-CAD5-4C8B-B1F7-AE4B99E51923}.Debug|Any CPU.ActiveCfg = Debug|Any CPU
		{2D170C36-CAD5-4C8B-B1F7-AE4B99E51923}.Debug|Any CPU.Build.0 = Debug|Any CPU
		{2D170C36-CAD5-4C8B-B1F7-AE4B99E51923}.Release|Any CPU.ActiveCfg = Release|Any CPU
		{2D170C36-CAD5-4C8B-B1F7-AE4B99E51923}.Release|Any CPU.Build.0 = Release|Any CPU
	EndGlobalSection
	GlobalSection(SolutionProperties) = preSolution
		HideSolutionNode = FALSE
	EndGlobalSection
	GlobalSection(ExtensibilityGlobals) = postSolution
		SolutionGuid = {60BDA3A9-27CA-4E35-A17D-61B47FFC2977}
	EndGlobalSection
EndGlobal
